// !$*UTF8*$!
{
	archiveVersion = 1;
	classes = {
	};
	objectVersion = 56;
	objects = {

/* Begin PBXBuildFile section */
		5CE0267129779221009C9926 /* DetailViewController.swift in Sources */ = {isa = PBXBuildFile; fileRef = 5CE0267029779221009C9926 /* DetailViewController.swift */; };
		5CEF68562976493C00156034 /* AppDelegate.swift in Sources */ = {isa = PBXBuildFile; fileRef = 5CEF68552976493C00156034 /* AppDelegate.swift */; };
		5CEF68582976493C00156034 /* SceneDelegate.swift in Sources */ = {isa = PBXBuildFile; fileRef = 5CEF68572976493C00156034 /* SceneDelegate.swift */; };
		5CEF685A2976493C00156034 /* ViewController.swift in Sources */ = {isa = PBXBuildFile; fileRef = 5CEF68592976493C00156034 /* ViewController.swift */; };
		5CEF685D2976493C00156034 /* Main.storyboard in Resources */ = {isa = PBXBuildFile; fileRef = 5CEF685B2976493C00156034 /* Main.storyboard */; };
		5CEF685F2976493E00156034 /* Assets.xcassets in Resources */ = {isa = PBXBuildFile; fileRef = 5CEF685E2976493E00156034 /* Assets.xcassets */; };
		5CEF68622976493E00156034 /* LaunchScreen.storyboard in Resources */ = {isa = PBXBuildFile; fileRef = 5CEF68602976493E00156034 /* LaunchScreen.storyboard */; };
		5CEF686D2976493E00156034 /* DicodingAppsTests.swift in Sources */ = {isa = PBXBuildFile; fileRef = 5CEF686C2976493E00156034 /* DicodingAppsTests.swift */; };
		5CEF68772976493E00156034 /* DicodingAppsUITests.swift in Sources */ = {isa = PBXBuildFile; fileRef = 5CEF68762976493E00156034 /* DicodingAppsUITests.swift */; };
		5CEF68792976493E00156034 /* DicodingAppsUITestsLaunchTests.swift in Sources */ = {isa = PBXBuildFile; fileRef = 5CEF68782976493E00156034 /* DicodingAppsUITestsLaunchTests.swift */; };
		5CEF688629764A2B00156034 /* AcademyModel.swift in Sources */ = {isa = PBXBuildFile; fileRef = 5CEF688529764A2B00156034 /* AcademyModel.swift */; };
		5CEF688D29765DF500156034 /* AcademyTableViewCell.swift in Sources */ = {isa = PBXBuildFile; fileRef = 5CEF688B29765DF500156034 /* AcademyTableViewCell.swift */; };
		5CEF688E29765DF500156034 /* AcademyTableViewCell.xib in Resources */ = {isa = PBXBuildFile; fileRef = 5CEF688C29765DF500156034 /* AcademyTableViewCell.xib */; };
/* End PBXBuildFile section */

/* Begin PBXContainerItemProxy section */
		5CEF68692976493E00156034 /* PBXContainerItemProxy */ = {
			isa = PBXContainerItemProxy;
			containerPortal = 5CEF684A2976493C00156034 /* Project object */;
			proxyType = 1;
			remoteGlobalIDString = 5CEF68512976493C00156034;
			remoteInfo = DicodingApps;
		};
		5CEF68732976493E00156034 /* PBXContainerItemProxy */ = {
			isa = PBXContainerItemProxy;
			containerPortal = 5CEF684A2976493C00156034 /* Project object */;
			proxyType = 1;
			remoteGlobalIDString = 5CEF68512976493C00156034;
			remoteInfo = DicodingApps;
		};
/* End PBXContainerItemProxy section */

/* Begin PBXFileReference section */
		5CE0267029779221009C9926 /* DetailViewController.swift */ = {isa = PBXFileReference; lastKnownFileType = sourcecode.swift; path = DetailViewController.swift; sourceTree = "<group>"; };
		5CEF68522976493C00156034 /* DicodingApps.app */ = {isa = PBXFileReference; explicitFileType = wrapper.application; includeInIndex = 0; path = DicodingApps.app; sourceTree = BUILT_PRODUCTS_DIR; };
		5CEF68552976493C00156034 /* AppDelegate.swift */ = {isa = PBXFileReference; lastKnownFileType = sourcecode.swift; path = AppDelegate.swift; sourceTree = "<group>"; };
		5CEF68572976493C00156034 /* SceneDelegate.swift */ = {isa = PBXFileReference; lastKnownFileType = sourcecode.swift; path = SceneDelegate.swift; sourceTree = "<group>"; };
		5CEF68592976493C00156034 /* ViewController.swift */ = {isa = PBXFileReference; lastKnownFileType = sourcecode.swift; path = ViewController.swift; sourceTree = "<group>"; };
		5CEF685C2976493C00156034 /* Base */ = {isa = PBXFileReference; lastKnownFileType = file.storyboard; name = Base; path = Base.lproj/Main.storyboard; sourceTree = "<group>"; };
		5CEF685E2976493E00156034 /* Assets.xcassets */ = {isa = PBXFileReference; lastKnownFileType = folder.assetcatalog; path = Assets.xcassets; sourceTree = "<group>"; };
		5CEF68612976493E00156034 /* Base */ = {isa = PBXFileReference; lastKnownFileType = file.storyboard; name = Base; path = Base.lproj/LaunchScreen.storyboard; sourceTree = "<group>"; };
		5CEF68632976493E00156034 /* Info.plist */ = {isa = PBXFileReference; lastKnownFileType = text.plist.xml; path = Info.plist; sourceTree = "<group>"; };
		5CEF68682976493E00156034 /* DicodingAppsTests.xctest */ = {isa = PBXFileReference; explicitFileType = wrapper.cfbundle; includeInIndex = 0; path = DicodingAppsTests.xctest; sourceTree = BUILT_PRODUCTS_DIR; };
		5CEF686C2976493E00156034 /* DicodingAppsTests.swift */ = {isa = PBXFileReference; lastKnownFileType = sourcecode.swift; path = DicodingAppsTests.swift; sourceTree = "<group>"; };
		5CEF68722976493E00156034 /* DicodingAppsUITests.xctest */ = {isa = PBXFileReference; explicitFileType = wrapper.cfbundle; includeInIndex = 0; path = DicodingAppsUITests.xctest; sourceTree = BUILT_PRODUCTS_DIR; };
		5CEF68762976493E00156034 /* DicodingAppsUITests.swift */ = {isa = PBXFileReference; lastKnownFileType = sourcecode.swift; path = DicodingAppsUITests.swift; sourceTree = "<group>"; };
		5CEF68782976493E00156034 /* DicodingAppsUITestsLaunchTests.swift */ = {isa = PBXFileReference; lastKnownFileType = sourcecode.swift; path = DicodingAppsUITestsLaunchTests.swift; sourceTree = "<group>"; };
		5CEF688529764A2B00156034 /* AcademyModel.swift */ = {isa = PBXFileReference; lastKnownFileType = sourcecode.swift; path = AcademyModel.swift; sourceTree = "<group>"; };
		5CEF688B29765DF500156034 /* AcademyTableViewCell.swift */ = {isa = PBXFileReference; lastKnownFileType = sourcecode.swift; path = AcademyTableViewCell.swift; sourceTree = "<group>"; };
		5CEF688C29765DF500156034 /* AcademyTableViewCell.xib */ = {isa = PBXFileReference; lastKnownFileType = file.xib; path = AcademyTableViewCell.xib; sourceTree = "<group>"; };
/* End PBXFileReference section */

/* Begin PBXFrameworksBuildPhase section */
		5CEF684F2976493C00156034 /* Frameworks */ = {
			isa = PBXFrameworksBuildPhase;
			buildActionMask = 2147483647;
			files = (
			);
			runOnlyForDeploymentPostprocessing = 0;
		};
		5CEF68652976493E00156034 /* Frameworks */ = {
			isa = PBXFrameworksBuildPhase;
			buildActionMask = 2147483647;
			files = (
			);
			runOnlyForDeploymentPostprocessing = 0;
		};
		5CEF686F2976493E00156034 /* Frameworks */ = {
			isa = PBXFrameworksBuildPhase;
			buildActionMask = 2147483647;
			files = (
			);
			runOnlyForDeploymentPostprocessing = 0;
		};
/* End PBXFrameworksBuildPhase section */

/* Begin PBXGroup section */
		5CEF68492976493C00156034 = {
			isa = PBXGroup;
			children = (
				5CEF68542976493C00156034 /* DicodingApps */,
				5CEF686B2976493E00156034 /* DicodingAppsTests */,
				5CEF68752976493E00156034 /* DicodingAppsUITests */,
				5CEF68532976493C00156034 /* Products */,
			);
			sourceTree = "<group>";
		};
		5CEF68532976493C00156034 /* Products */ = {
			isa = PBXGroup;
			children = (
				5CEF68522976493C00156034 /* DicodingApps.app */,
				5CEF68682976493E00156034 /* DicodingAppsTests.xctest */,
				5CEF68722976493E00156034 /* DicodingAppsUITests.xctest */,
			);
			name = Products;
			sourceTree = "<group>";
		};
		5CEF68542976493C00156034 /* DicodingApps */ = {
			isa = PBXGroup;
			children = (
				5CEF68912976774F00156034 /* ViewController */,
				5CEF68902976774400156034 /* Adapter */,
				5CEF688F2976770D00156034 /* Model */,
				5CEF68552976493C00156034 /* AppDelegate.swift */,
				5CEF68572976493C00156034 /* SceneDelegate.swift */,
				5CEF685E2976493E00156034 /* Assets.xcassets */,
				5CEF68602976493E00156034 /* LaunchScreen.storyboard */,
				5CEF68632976493E00156034 /* Info.plist */,
			);
			path = DicodingApps;
			sourceTree = "<group>";
		};
		5CEF686B2976493E00156034 /* DicodingAppsTests */ = {
			isa = PBXGroup;
			children = (
				5CEF686C2976493E00156034 /* DicodingAppsTests.swift */,
			);
			path = DicodingAppsTests;
			sourceTree = "<group>";
		};
		5CEF68752976493E00156034 /* DicodingAppsUITests */ = {
			isa = PBXGroup;
			children = (
				5CEF68762976493E00156034 /* DicodingAppsUITests.swift */,
				5CEF68782976493E00156034 /* DicodingAppsUITestsLaunchTests.swift */,
			);
			path = DicodingAppsUITests;
			sourceTree = "<group>";
		};
		5CEF688F2976770D00156034 /* Model */ = {
			isa = PBXGroup;
			children = (
				5CEF688529764A2B00156034 /* AcademyModel.swift */,
			);
			path = Model;
			sourceTree = "<group>";
		};
		5CEF68902976774400156034 /* Adapter */ = {
			isa = PBXGroup;
			children = (
				5CEF688B29765DF500156034 /* AcademyTableViewCell.swift */,
				5CEF688C29765DF500156034 /* AcademyTableViewCell.xib */,
			);
			path = Adapter;
			sourceTree = "<group>";
		};
		5CEF68912976774F00156034 /* ViewController */ = {
			isa = PBXGroup;
			children = (
				5CEF68592976493C00156034 /* ViewController.swift */,
				5CEF685B2976493C00156034 /* Main.storyboard */,
				5CE0267029779221009C9926 /* DetailViewController.swift */,
			);
			path = ViewController;
			sourceTree = "<group>";
		};
/* End PBXGroup section */

/* Begin PBXNativeTarget section */
		5CEF68512976493C00156034 /* DicodingApps */ = {
			isa = PBXNativeTarget;
			buildConfigurationList = 5CEF687C2976493E00156034 /* Build configuration list for PBXNativeTarget "DicodingApps" */;
			buildPhases = (
				5CEF684E2976493C00156034 /* Sources */,
				5CEF684F2976493C00156034 /* Frameworks */,
				5CEF68502976493C00156034 /* Resources */,
			);
			buildRules = (
			);
			dependencies = (
			);
			name = DicodingApps;
			productName = DicodingApps;
			productReference = 5CEF68522976493C00156034 /* DicodingApps.app */;
			productType = "com.apple.product-type.application";
		};
		5CEF68672976493E00156034 /* DicodingAppsTests */ = {
			isa = PBXNativeTarget;
			buildConfigurationList = 5CEF687F2976493E00156034 /* Build configuration list for PBXNativeTarget "DicodingAppsTests" */;
			buildPhases = (
				5CEF68642976493E00156034 /* Sources */,
				5CEF68652976493E00156034 /* Frameworks */,
				5CEF68662976493E00156034 /* Resources */,
			);
			buildRules = (
			);
			dependencies = (
				5CEF686A2976493E00156034 /* PBXTargetDependency */,
			);
			name = DicodingAppsTests;
			productName = DicodingAppsTests;
			productReference = 5CEF68682976493E00156034 /* DicodingAppsTests.xctest */;
			productType = "com.apple.product-type.bundle.unit-test";
		};
		5CEF68712976493E00156034 /* DicodingAppsUITests */ = {
			isa = PBXNativeTarget;
			buildConfigurationList = 5CEF68822976493E00156034 /* Build configuration list for PBXNativeTarget "DicodingAppsUITests" */;
			buildPhases = (
				5CEF686E2976493E00156034 /* Sources */,
				5CEF686F2976493E00156034 /* Frameworks */,
				5CEF68702976493E00156034 /* Resources */,
			);
			buildRules = (
			);
			dependencies = (
				5CEF68742976493E00156034 /* PBXTargetDependency */,
			);
			name = DicodingAppsUITests;
			productName = DicodingAppsUITests;
			productReference = 5CEF68722976493E00156034 /* DicodingAppsUITests.xctest */;
			productType = "com.apple.product-type.bundle.ui-testing";
		};
/* End PBXNativeTarget section */

/* Begin PBXProject section */
		5CEF684A2976493C00156034 /* Project object */ = {
			isa = PBXProject;
			attributes = {
				BuildIndependentTargetsInParallel = 1;
				LastSwiftUpdateCheck = 1420;
				LastUpgradeCheck = 1420;
				TargetAttributes = {
					5CEF68512976493C00156034 = {
						CreatedOnToolsVersion = 14.2;
					};
					5CEF68672976493E00156034 = {
						CreatedOnToolsVersion = 14.2;
						TestTargetID = 5CEF68512976493C00156034;
					};
					5CEF68712976493E00156034 = {
						CreatedOnToolsVersion = 14.2;
						TestTargetID = 5CEF68512976493C00156034;
					};
				};
			};
			buildConfigurationList = 5CEF684D2976493C00156034 /* Build configuration list for PBXProject "DicodingApps" */;
			compatibilityVersion = "Xcode 14.0";
			developmentRegion = en;
			hasScannedForEncodings = 0;
			knownRegions = (
				en,
				Base,
			);
			mainGroup = 5CEF68492976493C00156034;
			productRefGroup = 5CEF68532976493C00156034 /* Products */;
			projectDirPath = "";
			projectRoot = "";
			targets = (
				5CEF68512976493C00156034 /* DicodingApps */,
				5CEF68672976493E00156034 /* DicodingAppsTests */,
				5CEF68712976493E00156034 /* DicodingAppsUITests */,
			);
		};
/* End PBXProject section */

/* Begin PBXResourcesBuildPhase section */
		5CEF68502976493C00156034 /* Resources */ = {
			isa = PBXResourcesBuildPhase;
			buildActionMask = 2147483647;
			files = (
				5CEF688E29765DF500156034 /* AcademyTableViewCell.xib in Resources */,
				5CEF68622976493E00156034 /* LaunchScreen.storyboard in Resources */,
				5CEF685F2976493E00156034 /* Assets.xcassets in Resources */,
				5CEF685D2976493C00156034 /* Main.storyboard in Resources */,
			);
			runOnlyForDeploymentPostprocessing = 0;
		};
		5CEF68662976493E00156034 /* Resources */ = {
			isa = PBXResourcesBuildPhase;
			buildActionMask = 2147483647;
			files = (
			);
			runOnlyForDeploymentPostprocessing = 0;
		};
		5CEF68702976493E00156034 /* Resources */ = {
			isa = PBXResourcesBuildPhase;
			buildActionMask = 2147483647;
			files = (
			);
			runOnlyForDeploymentPostprocessing = 0;
		};
/* End PBXResourcesBuildPhase section */

/* Begin PBXSourcesBuildPhase section */
		5CEF684E2976493C00156034 /* Sources */ = {
			isa = PBXSourcesBuildPhase;
			buildActionMask = 2147483647;
			files = (
				5CEF685A2976493C00156034 /* ViewController.swift in Sources */,
				5CEF68562976493C00156034 /* AppDelegate.swift in Sources */,
				5CEF688629764A2B00156034 /* AcademyModel.swift in Sources */,
				5CE0267129779221009C9926 /* DetailViewController.swift in Sources */,
				5CEF68582976493C00156034 /* SceneDelegate.swift in Sources */,
				5CEF688D29765DF500156034 /* AcademyTableViewCell.swift in Sources */,
			);
			runOnlyForDeploymentPostprocessing = 0;
		};
		5CEF68642976493E00156034 /* Sources */ = {
			isa = PBXSourcesBuildPhase;
			buildActionMask = 2147483647;
			files = (
				5CEF686D2976493E00156034 /* DicodingAppsTests.swift in Sources */,
			);
			runOnlyForDeploymentPostprocessing = 0;
		};
		5CEF686E2976493E00156034 /* Sources */ = {
			isa = PBXSourcesBuildPhase;
			buildActionMask = 2147483647;
			files = (
				5CEF68772976493E00156034 /* DicodingAppsUITests.swift in Sources */,
				5CEF68792976493E00156034 /* DicodingAppsUITestsLaunchTests.swift in Sources */,
			);
			runOnlyForDeploymentPostprocessing = 0;
		};
/* End PBXSourcesBuildPhase section */

/* Begin PBXTargetDependency section */
		5CEF686A2976493E00156034 /* PBXTargetDependency */ = {
			isa = PBXTargetDependency;
			target = 5CEF68512976493C00156034 /* DicodingApps */;
			targetProxy = 5CEF68692976493E00156034 /* PBXContainerItemProxy */;
		};
		5CEF68742976493E00156034 /* PBXTargetDependency */ = {
			isa = PBXTargetDependency;
			target = 5CEF68512976493C00156034 /* DicodingApps */;
			targetProxy = 5CEF68732976493E00156034 /* PBXContainerItemProxy */;
		};
/* End PBXTargetDependency section */

/* Begin PBXVariantGroup section */
		5CEF685B2976493C00156034 /* Main.storyboard */ = {
			isa = PBXVariantGroup;
			children = (
				5CEF685C2976493C00156034 /* Base */,
			);
			name = Main.storyboard;
			sourceTree = "<group>";
		};
		5CEF68602976493E00156034 /* LaunchScreen.storyboard */ = {
			isa = PBXVariantGroup;
			children = (
				5CEF68612976493E00156034 /* Base */,
			);
			name = LaunchScreen.storyboard;
			sourceTree = "<group>";
		};
/* End PBXVariantGroup section */

/* Begin XCBuildConfiguration section */
		5CEF687A2976493E00156034 /* Debug */ = {
			isa = XCBuildConfiguration;
			buildSettings = {
				ALWAYS_SEARCH_USER_PATHS = NO;
				CLANG_ANALYZER_NONNULL = YES;
				CLANG_ANALYZER_NUMBER_OBJECT_CONVERSION = YES_AGGRESSIVE;
				CLANG_CXX_LANGUAGE_STANDARD = "gnu++20";
				CLANG_ENABLE_MODULES = YES;
				CLANG_ENABLE_OBJC_ARC = YES;
				CLANG_ENABLE_OBJC_WEAK = YES;
				CLANG_WARN_BLOCK_CAPTURE_AUTORELEASING = YES;
				CLANG_WARN_BOOL_CONVERSION = YES;
				CLANG_WARN_COMMA = YES;
				CLANG_WARN_CONSTANT_CONVERSION = YES;
				CLANG_WARN_DEPRECATED_OBJC_IMPLEMENTATIONS = YES;
				CLANG_WARN_DIRECT_OBJC_ISA_USAGE = YES_ERROR;
				CLANG_WARN_DOCUMENTATION_COMMENTS = YES;
				CLANG_WARN_EMPTY_BODY = YES;
				CLANG_WARN_ENUM_CONVERSION = YES;
				CLANG_WARN_INFINITE_RECURSION = YES;
				CLANG_WARN_INT_CONVERSION = YES;
				CLANG_WARN_NON_LITERAL_NULL_CONVERSION = YES;
				CLANG_WARN_OBJC_IMPLICIT_RETAIN_SELF = YES;
				CLANG_WARN_OBJC_LITERAL_CONVERSION = YES;
				CLANG_WARN_OBJC_ROOT_CLASS = YES_ERROR;
				CLANG_WARN_QUOTED_INCLUDE_IN_FRAMEWORK_HEADER = YES;
				CLANG_WARN_RANGE_LOOP_ANALYSIS = YES;
				CLANG_WARN_STRICT_PROTOTYPES = YES;
				CLANG_WARN_SUSPICIOUS_MOVE = YES;
				CLANG_WARN_UNGUARDED_AVAILABILITY = YES_AGGRESSIVE;
				CLANG_WARN_UNREACHABLE_CODE = YES;
				CLANG_WARN__DUPLICATE_METHOD_MATCH = YES;
				COPY_PHASE_STRIP = NO;
				DEBUG_INFORMATION_FORMAT = dwarf;
				ENABLE_STRICT_OBJC_MSGSEND = YES;
				ENABLE_TESTABILITY = YES;
				GCC_C_LANGUAGE_STANDARD = gnu11;
				GCC_DYNAMIC_NO_PIC = NO;
				GCC_NO_COMMON_BLOCKS = YES;
				GCC_OPTIMIZATION_LEVEL = 0;
				GCC_PREPROCESSOR_DEFINITIONS = (
					"DEBUG=1",
					"$(inherited)",
				);
				GCC_WARN_64_TO_32_BIT_CONVERSION = YES;
				GCC_WARN_ABOUT_RETURN_TYPE = YES_ERROR;
				GCC_WARN_UNDECLARED_SELECTOR = YES;
				GCC_WARN_UNINITIALIZED_AUTOS = YES_AGGRESSIVE;
				GCC_WARN_UNUSED_FUNCTION = YES;
				GCC_WARN_UNUSED_VARIABLE = YES;
				IPHONEOS_DEPLOYMENT_TARGET = 16.2;
				MTL_ENABLE_DEBUG_INFO = INCLUDE_SOURCE;
				MTL_FAST_MATH = YES;
				ONLY_ACTIVE_ARCH = YES;
				SDKROOT = iphoneos;
				SWIFT_ACTIVE_COMPILATION_CONDITIONS = DEBUG;
				SWIFT_OPTIMIZATION_LEVEL = "-Onone";
			};
			name = Debug;
		};
		5CEF687B2976493E00156034 /* Release */ = {
			isa = XCBuildConfiguration;
			buildSettings = {
				ALWAYS_SEARCH_USER_PATHS = NO;
				CLANG_ANALYZER_NONNULL = YES;
				CLANG_ANALYZER_NUMBER_OBJECT_CONVERSION = YES_AGGRESSIVE;
				CLANG_CXX_LANGUAGE_STANDARD = "gnu++20";
				CLANG_ENABLE_MODULES = YES;
				CLANG_ENABLE_OBJC_ARC = YES;
				CLANG_ENABLE_OBJC_WEAK = YES;
				CLANG_WARN_BLOCK_CAPTURE_AUTORELEASING = YES;
				CLANG_WARN_BOOL_CONVERSION = YES;
				CLANG_WARN_COMMA = YES;
				CLANG_WARN_CONSTANT_CONVERSION = YES;
				CLANG_WARN_DEPRECATED_OBJC_IMPLEMENTATIONS = YES;
				CLANG_WARN_DIRECT_OBJC_ISA_USAGE = YES_ERROR;
				CLANG_WARN_DOCUMENTATION_COMMENTS = YES;
				CLANG_WARN_EMPTY_BODY = YES;
				CLANG_WARN_ENUM_CONVERSION = YES;
				CLANG_WARN_INFINITE_RECURSION = YES;
				CLANG_WARN_INT_CONVERSION = YES;
				CLANG_WARN_NON_LITERAL_NULL_CONVERSION = YES;
				CLANG_WARN_OBJC_IMPLICIT_RETAIN_SELF = YES;
				CLANG_WARN_OBJC_LITERAL_CONVERSION = YES;
				CLANG_WARN_OBJC_ROOT_CLASS = YES_ERROR;
				CLANG_WARN_QUOTED_INCLUDE_IN_FRAMEWORK_HEADER = YES;
				CLANG_WARN_RANGE_LOOP_ANALYSIS = YES;
				CLANG_WARN_STRICT_PROTOTYPES = YES;
				CLANG_WARN_SUSPICIOUS_MOVE = YES;
				CLANG_WARN_UNGUARDED_AVAILABILITY = YES_AGGRESSIVE;
				CLANG_WARN_UNREACHABLE_CODE = YES;
				CLANG_WARN__DUPLICATE_METHOD_MATCH = YES;
				COPY_PHASE_STRIP = NO;
				DEBUG_INFORMATION_FORMAT = "dwarf-with-dsym";
				ENABLE_NS_ASSERTIONS = NO;
				ENABLE_STRICT_OBJC_MSGSEND = YES;
				GCC_C_LANGUAGE_STANDARD = gnu11;
				GCC_NO_COMMON_BLOCKS = YES;
				GCC_WARN_64_TO_32_BIT_CONVERSION = YES;
				GCC_WARN_ABOUT_RETURN_TYPE = YES_ERROR;
				GCC_WARN_UNDECLARED_SELECTOR = YES;
				GCC_WARN_UNINITIALIZED_AUTOS = YES_AGGRESSIVE;
				GCC_WARN_UNUSED_FUNCTION = YES;
				GCC_WARN_UNUSED_VARIABLE = YES;
				IPHONEOS_DEPLOYMENT_TARGET = 16.2;
				MTL_ENABLE_DEBUG_INFO = NO;
				MTL_FAST_MATH = YES;
				SDKROOT = iphoneos;
				SWIFT_COMPILATION_MODE = wholemodule;
				SWIFT_OPTIMIZATION_LEVEL = "-O";
				VALIDATE_PRODUCT = YES;
			};
			name = Release;
		};
		5CEF687D2976493E00156034 /* Debug */ = {
			isa = XCBuildConfiguration;
			buildSettings = {
				ASSETCATALOG_COMPILER_APPICON_NAME = AppIcon;
				ASSETCATALOG_COMPILER_GLOBAL_ACCENT_COLOR_NAME = AccentColor;
				CODE_SIGN_STYLE = Automatic;
				CURRENT_PROJECT_VERSION = 1;
				GENERATE_INFOPLIST_FILE = YES;
				INFOPLIST_FILE = DicodingApps/Info.plist;
				INFOPLIST_KEY_UIApplicationSupportsIndirectInputEvents = YES;
				INFOPLIST_KEY_UILaunchStoryboardName = LaunchScreen;
				INFOPLIST_KEY_UIMainStoryboardFile = Main;
				INFOPLIST_KEY_UISupportedInterfaceOrientations_iPad = "UIInterfaceOrientationPortrait UIInterfaceOrientationPortraitUpsideDown UIInterfaceOrientationLandscapeLeft UIInterfaceOrientationLandscapeRight";
				INFOPLIST_KEY_UISupportedInterfaceOrientations_iPhone = "UIInterfaceOrientationPortrait UIInterfaceOrientationLandscapeLeft UIInterfaceOrientationLandscapeRight";
				LD_RUNPATH_SEARCH_PATHS = (
					"$(inherited)",
					"@executable_path/Frameworks",
				);
				MARKETING_VERSION = 1.0;
				PRODUCT_BUNDLE_IDENTIFIER = pdamkotasmg.id.DicodingApps;
				PRODUCT_NAME = "$(TARGET_NAME)";
				SWIFT_EMIT_LOC_STRINGS = YES;
				SWIFT_VERSION = 5.0;
				TARGETED_DEVICE_FAMILY = "1,2";
			};
			name = Debug;
		};
		5CEF687E2976493E00156034 /* Release */ = {
			isa = XCBuildConfiguration;
			buildSettings = {
				ASSETCATALOG_COMPILER_APPICON_NAME = AppIcon;
				ASSETCATALOG_COMPILER_GLOBAL_ACCENT_COLOR_NAME = AccentColor;
				CODE_SIGN_STYLE = Automatic;
				CURRENT_PROJECT_VERSION = 1;
				GENERATE_INFOPLIST_FILE = YES;
				INFOPLIST_FILE = DicodingApps/Info.plist;
				INFOPLIST_KEY_UIApplicationSupportsIndirectInputEvents = YES;
				INFOPLIST_KEY_UILaunchStoryboardName = LaunchScreen;
				INFOPLIST_KEY_UIMainStoryboardFile = Main;
				INFOPLIST_KEY_UISupportedInterfaceOrientations_iPad = "UIInterfaceOrientationPortrait UIInterfaceOrientationPortraitUpsideDown UIInterfaceOrientationLandscapeLeft UIInterfaceOrientationLandscapeRight";
				INFOPLIST_KEY_UISupportedInterfaceOrientations_iPhone = "UIInterfaceOrientationPortrait UIInterfaceOrientationLandscapeLeft UIInterfaceOrientationLandscapeRight";
				LD_RUNPATH_SEARCH_PATHS = (
					"$(inherited)",
					"@executable_path/Frameworks",
				);
				MARKETING_VERSION = 1.0;
				PRODUCT_BUNDLE_IDENTIFIER = pdamkotasmg.id.DicodingApps;
				PRODUCT_NAME = "$(TARGET_NAME)";
				SWIFT_EMIT_LOC_STRINGS = YES;
				SWIFT_VERSION = 5.0;
				TARGETED_DEVICE_FAMILY = "1,2";
			};
			name = Release;
		};
		5CEF68802976493E00156034 /* Debug */ = {
			isa = XCBuildConfiguration;
			buildSettings = {
				ALWAYS_EMBED_SWIFT_STANDARD_LIBRARIES = YES;
				BUNDLE_LOADER = "$(TEST_HOST)";
				CODE_SIGN_STYLE = Automatic;
				CURRENT_PROJECT_VERSION = 1;
				GENERATE_INFOPLIST_FILE = YES;
				IPHONEOS_DEPLOYMENT_TARGET = 16.2;
				MARKETING_VERSION = 1.0;
				PRODUCT_BUNDLE_IDENTIFIER = pdamkotasmg.id.DicodingAppsTests;
				PRODUCT_NAME = "$(TARGET_NAME)";
				SWIFT_EMIT_LOC_STRINGS = NO;
				SWIFT_VERSION = 5.0;
				TARGETED_DEVICE_FAMILY = "1,2";
				TEST_HOST = "$(BUILT_PRODUCTS_DIR)/DicodingApps.app/$(BUNDLE_EXECUTABLE_FOLDER_PATH)/DicodingApps";
			};
			name = Debug;
		};
		5CEF68812976493E00156034 /* Release */ = {
			isa = XCBuildConfiguration;
			buildSettings = {
				ALWAYS_EMBED_SWIFT_STANDARD_LIBRARIES = YES;
				BUNDLE_LOADER = "$(TEST_HOST)";
				CODE_SIGN_STYLE = Automatic;
				CURRENT_PROJECT_VERSION = 1;
				GENERATE_INFOPLIST_FILE = YES;
				IPHONEOS_DEPLOYMENT_TARGET = 16.2;
				MARKETING_VERSION = 1.0;
				PRODUCT_BUNDLE_IDENTIFIER = pdamkotasmg.id.DicodingAppsTests;
				PRODUCT_NAME = "$(TARGET_NAME)";
				SWIFT_EMIT_LOC_STRINGS = NO;
				SWIFT_VERSION = 5.0;
				TARGETED_DEVICE_FAMILY = "1,2";
				TEST_HOST = "$(BUILT_PRODUCTS_DIR)/DicodingApps.app/$(BUNDLE_EXECUTABLE_FOLDER_PATH)/DicodingApps";
			};
			name = Release;
		};
		5CEF68832976493E00156034 /* Debug */ = {
			isa = XCBuildConfiguration;
			buildSettings = {
				ALWAYS_EMBED_SWIFT_STANDARD_LIBRARIES = YES;
				CODE_SIGN_STYLE = Automatic;
				CURRENT_PROJECT_VERSION = 1;
				GENERATE_INFOPLIST_FILE = YES;
				MARKETING_VERSION = 1.0;
				PRODUCT_BUNDLE_IDENTIFIER = pdamkotasmg.id.DicodingAppsUITests;
				PRODUCT_NAME = "$(TARGET_NAME)";
				SWIFT_EMIT_LOC_STRINGS = NO;
				SWIFT_VERSION = 5.0;
				TARGETED_DEVICE_FAMILY = "1,2";
				TEST_TARGET_NAME = DicodingApps;
			};
			name = Debug;
		};
		5CEF68842976493E00156034 /* Release */ = {
			isa = XCBuildConfiguration;
			buildSettings = {
				ALWAYS_EMBED_SWIFT_STANDARD_LIBRARIES = YES;
				CODE_SIGN_STYLE = Automatic;
				CURRENT_PROJECT_VERSION = 1;
				GENERATE_INFOPLIST_FILE = YES;
				MARKETING_VERSION = 1.0;
				PRODUCT_BUNDLE_IDENTIFIER = pdamkotasmg.id.DicodingAppsUITests;
				PRODUCT_NAME = "$(TARGET_NAME)";
				SWIFT_EMIT_LOC_STRINGS = NO;
				SWIFT_VERSION = 5.0;
				TARGETED_DEVICE_FAMILY = "1,2";
				TEST_TARGET_NAME = DicodingApps;
			};
			name = Release;
		};
/* End XCBuildConfiguration section */

/* Begin XCConfigurationList section */
		5CEF684D2976493C00156034 /* Build configuration list for PBXProject "DicodingApps" */ = {
			isa = XCConfigurationList;
			buildConfigurations = (
				5CEF687A2976493E00156034 /* Debug */,
				5CEF687B2976493E00156034 /* Release */,
			);
			defaultConfigurationIsVisible = 0;
			defaultConfigurationName = Release;
		};
		5CEF687C2976493E00156034 /* Build configuration list for PBXNativeTarget "DicodingApps" */ = {
			isa = XCConfigurationList;
			buildConfigurations = (
				5CEF687D2976493E00156034 /* Debug */,
				5CEF687E2976493E00156034 /* Release */,
			);
			defaultConfigurationIsVisible = 0;
			defaultConfigurationName = Release;
		};
		5CEF687F2976493E00156034 /* Build configuration list for PBXNativeTarget "DicodingAppsTests" */ = {
			isa = XCConfigurationList;
			buildConfigurations = (
				5CEF68802976493E00156034 /* Debug */,
				5CEF68812976493E00156034 /* Release */,
			);
			defaultConfigurationIsVisible = 0;
			defaultConfigurationName = Release;
		};
		5CEF68822976493E00156034 /* Build configuration list for PBXNativeTarget "DicodingAppsUITests" */ = {
			isa = XCConfigurationList;
			buildConfigurations = (
				5CEF68832976493E00156034 /* Debug */,
				5CEF68842976493E00156034 /* Release */,
			);
			defaultConfigurationIsVisible = 0;
			defaultConfigurationName = Release;
		};
/* End XCConfigurationList section */
	};
	rootObject = 5CEF684A2976493C00156034 /* Project object */;
}
